
Microsoft Visual Studio Solution File, Format Version 12.00
# Visual Studio Version 17
VisualStudioVersion = 17.7.34018.315
MinimumVisualStudioVersion = 10.0.40219.1
Project("{FAE04EC0-301F-11D3-BF4B-00C04F79EFBC}") = "hw_09_09_23", "hw_09_09_23\hw_09_09_23.csproj", "{B66F2763-9953-474C-82DB-EF4E64C62386}"
EndProject
Global
	GlobalSection(SolutionConfigurationPlatforms) = preSolution
		Debug|Any CPU = Debug|Any CPU
		Release|Any CPU = Release|Any CPU
	EndGlobalSection
	GlobalSection(ProjectConfigurationPlatforms) = postSolution
		{B66F2763-9953-474C-82DB-EF4E64C62386}.Debug|Any CPU.ActiveCfg = Debug|Any CPU
		{B66F2763-9953-474C-82DB-EF4E64C62386}.Debug|Any CPU.Build.0 = Debug|Any CPU
		{B66F2763-9953-474C-82DB-EF4E64C62386}.Release|Any CPU.ActiveCfg = Release|Any CPU
		{B66F2763-9953-474C-82DB-EF4E64C62386}.Release|Any CPU.Build.0 = Release|Any CPU
	EndGlobalSection
	GlobalSection(SolutionProperties) = preSolution
		HideSolutionNode = FALSE
	EndGlobalSection
	GlobalSection(ExtensibilityGlobals) = postSolution
		SolutionGuid = {E08FD360-2FB0-4180-84DB-511C14DC3674}
	EndGlobalSection
EndGlobal
